
Microsoft Visual Studio Solution File, Format Version 12.00
# Visual Studio Express 15 for Windows Desktop
VisualStudioVersion = 15.0.28307.1684
MinimumVisualStudioVersion = 10.0.40219.1
Project("{FAE04EC0-301F-11D3-BF4B-00C04F79EFBC}") = "GT2用obj編集ツール", "GT2用obj編集ツール\GT2用obj編集ツール.csproj", "{494A5378-37E0-4A96-8AB7-632696207621}"
EndProject
Global
	GlobalSection(SolutionConfigurationPlatforms) = preSolution
		Debug|Any CPU = Debug|Any CPU
		Release|Any CPU = Release|Any CPU
	EndGlobalSection
	GlobalSection(ProjectConfigurationPlatforms) = postSolution
		{494A5378-37E0-4A96-8AB7-632696207621}.Debug|Any CPU.ActiveCfg = Debug|Any CPU
		{494A5378-37E0-4A96-8AB7-632696207621}.Debug|Any CPU.Build.0 = Debug|Any CPU
		{494A5378-37E0-4A96-8AB7-632696207621}.Release|Any CPU.ActiveCfg = Release|Any CPU
		{494A5378-37E0-4A96-8AB7-632696207621}.Release|Any CPU.Build.0 = Release|Any CPU
	EndGlobalSection
	GlobalSection(SolutionProperties) = preSolution
		HideSolutionNode = FALSE
	EndGlobalSection
	GlobalSection(ExtensibilityGlobals) = postSolution
		SolutionGuid = {2E333CC6-9698-40E4-B604-E7944D1D4582}
	EndGlobalSection
EndGlobal
